Microsoft Visual Studio Solution File, Format Version 11.00
# Visual Studio 2008

Project("{C5648D00-AE42-B770-4FE6-FF4ED18F97B4}") = "MapTest", "Assembly-CSharp-firstpass.csproj", "{CD1FF62D-0B96-9629-0DA2-556DB65E88EE}"
EndProject
Project("{C5648D00-AE42-B770-4FE6-FF4ED18F97B4}") = "MapTest", "Assembly-CSharp.csproj", "{9F7293CF-0DF1-6F0E-FE67-123B4BFBB73F}"
EndProject
Project("{C5648D00-AE42-B770-4FE6-FF4ED18F97B4}") = "MapTest", "Assembly-CSharp-Editor-firstpass.csproj", "{D06BB727-8F30-E003-67C4-5B42AFE4B1BD}"
EndProject
Global
	GlobalSection(SolutionConfigurationPlatforms) = preSolution
		Debug|Any CPU = Debug|Any CPU
		Release|Any CPU = Release|Any CPU
	EndGlobalSection
	GlobalSection(ProjectConfigurationPlatforms) = postSolution
		{CD1FF62D-0B96-9629-0DA2-556DB65E88EE}.Debug|Any CPU.ActiveCfg = Debug|Any CPU
		{CD1FF62D-0B96-9629-0DA2-556DB65E88EE}.Debug|Any CPU.Build.0 = Debug|Any CPU
		{CD1FF62D-0B96-9629-0DA2-556DB65E88EE}.Release|Any CPU.ActiveCfg = Release|Any CPU
		{CD1FF62D-0B96-9629-0DA2-556DB65E88EE}.Release|Any CPU.Build.0 = Release|Any CPU
		{9F7293CF-0DF1-6F0E-FE67-123B4BFBB73F}.Debug|Any CPU.ActiveCfg = Debug|Any CPU
		{9F7293CF-0DF1-6F0E-FE67-123B4BFBB73F}.Debug|Any CPU.Build.0 = Debug|Any CPU
		{9F7293CF-0DF1-6F0E-FE67-123B4BFBB73F}.Release|Any CPU.ActiveCfg = Release|Any CPU
		{9F7293CF-0DF1-6F0E-FE67-123B4BFBB73F}.Release|Any CPU.Build.0 = Release|Any CPU
		{D06BB727-8F30-E003-67C4-5B42AFE4B1BD}.Debug|Any CPU.ActiveCfg = Debug|Any CPU
		{D06BB727-8F30-E003-67C4-5B42AFE4B1BD}.Debug|Any CPU.Build.0 = Debug|Any CPU
		{D06BB727-8F30-E003-67C4-5B42AFE4B1BD}.Release|Any CPU.ActiveCfg = Release|Any CPU
		{D06BB727-8F30-E003-67C4-5B42AFE4B1BD}.Release|Any CPU.Build.0 = Release|Any CPU
	EndGlobalSection
	GlobalSection(SolutionProperties) = preSolution
		HideSolutionNode = FALSE
	EndGlobalSection
	GlobalSection(MonoDevelopProperties) = preSolution
		StartupItem = Assembly-CSharp.csproj
	EndGlobalSection
EndGlobal
